{
	"name": "lsp-sample-server",
	"version": "1.0.0",
	"lockfileVersion": 2,
	"requires": true,
	"packages": {
		"": {
			"name": "lsp-sample-server",
			"version": "1.0.0",
			"license": "MIT",
			"dependencies": {
				"oso": "../../../languages/js",
				"vscode-languageserver": "^7.0.0",
				"vscode-languageserver-textdocument": "^1.0.1"
			},
			"devDependencies": {
				"@types/node": "^16.10.3"
			},
			"engines": {
				"node": ">=12.20.0"
			}
		},
		"../../../languages/js": {
			"name": "oso",
			"version": "0.21.0",
			"license": "Apache-2.0",
			"dependencies": {
				"lodash.isequal": "^4.5.0"
			},
			"bin": {
				"oso": "bin/repl.js"
			},
			"devDependencies": {
				"@types/jest": "^26.0.9",
				"@types/lodash": "^4.14.175",
				"@types/lodash.isequal": "^4.5.5",
				"@types/node": "^15.14.7",
				"chokidar-cli": "^2.1.0",
				"gts": "^3.1.0",
				"jest": "^27.0.4",
				"live-server": "^1.2.1",
				"reflect-metadata": "^0.1.13",
				"sqlite3": "^5.0.2",
				"temp-write": "^4.0.0",
				"ts-jest": "^27.0.3",
				"ts-node": "^8.10.2",
				"typedoc": "^0.21.0",
				"typeorm": "^0.2.37",
				"typescript": "^4.3.4"
			},
			"engines": {
				"node": ">=12.20.0",
				"npm": ">=6.4.1"
			}
		},
		"node_modules/@types/node": {
			"version": "16.10.3",
			"resolved": "https://registry.npmjs.org/@types/node/-/node-16.10.3.tgz",
			"integrity": "sha512-ho3Ruq+fFnBrZhUYI46n/bV2GjwzSkwuT4dTf0GkuNFmnb8nq4ny2z9JEVemFi6bdEJanHLlYfy9c6FN9B9McQ==",
			"dev": true
		},
		"node_modules/oso": {
			"resolved": "../../../languages/js",
			"link": true
		},
		"node_modules/vscode-jsonrpc": {
			"version": "6.0.0",
			"resolved": "https://registry.npmjs.org/vscode-jsonrpc/-/vscode-jsonrpc-6.0.0.tgz",
			"integrity": "sha512-wnJA4BnEjOSyFMvjZdpiOwhSq9uDoK8e/kpRJDTaMYzwlkrhG1fwDIZI94CLsLzlCK5cIbMMtFlJlfR57Lavmg==",
			"engines": {
				"node": ">=8.0.0 || >=10.0.0"
			}
		},
		"node_modules/vscode-languageserver": {
			"version": "7.0.0",
			"resolved": "https://registry.npmjs.org/vscode-languageserver/-/vscode-languageserver-7.0.0.tgz",
			"integrity": "sha512-60HTx5ID+fLRcgdHfmz0LDZAXYEV68fzwG0JWwEPBode9NuMYTIxuYXPg4ngO8i8+Ou0lM7y6GzaYWbiDL0drw==",
			"dependencies": {
				"vscode-languageserver-protocol": "3.16.0"
			},
			"bin": {
				"installServerIntoExtension": "bin/installServerIntoExtension"
			}
		},
		"node_modules/vscode-languageserver-protocol": {
			"version": "3.16.0",
			"resolved": "https://registry.npmjs.org/vscode-languageserver-protocol/-/vscode-languageserver-protocol-3.16.0.tgz",
			"integrity": "sha512-sdeUoAawceQdgIfTI+sdcwkiK2KU+2cbEYA0agzM2uqaUy2UpnnGHtWTHVEtS0ES4zHU0eMFRGN+oQgDxlD66A==",
			"dependencies": {
				"vscode-jsonrpc": "6.0.0",
				"vscode-languageserver-types": "3.16.0"
			}
		},
		"node_modules/vscode-languageserver-textdocument": {
			"version": "1.0.1",
			"resolved": "https://registry.npmjs.org/vscode-languageserver-textdocument/-/vscode-languageserver-textdocument-1.0.1.tgz",
			"integrity": "sha512-UIcJDjX7IFkck7cSkNNyzIz5FyvpQfY7sdzVy+wkKN/BLaD4DQ0ppXQrKePomCxTS7RrolK1I0pey0bG9eh8dA=="
		},
		"node_modules/vscode-languageserver-types": {
			"version": "3.16.0",
			"resolved": "https://registry.npmjs.org/vscode-languageserver-types/-/vscode-languageserver-types-3.16.0.tgz",
			"integrity": "sha512-k8luDIWJWyenLc5ToFQQMaSrqCHiLwyKPHKPQZ5zz21vM+vIVUSvsRpcbiECH4WR88K2XZqc4ScRcZ7nk/jbeA=="
		}
	},
	"dependencies": {
		"@types/node": {
			"version": "16.10.3",
			"resolved": "https://registry.npmjs.org/@types/node/-/node-16.10.3.tgz",
			"integrity": "sha512-ho3Ruq+fFnBrZhUYI46n/bV2GjwzSkwuT4dTf0GkuNFmnb8nq4ny2z9JEVemFi6bdEJanHLlYfy9c6FN9B9McQ==",
			"dev": true
		},
		"oso": {
			"version": "file:../../../languages/js",
			"requires": {
				"@types/jest": "^26.0.9",
				"@types/lodash": "^4.14.175",
				"@types/lodash.isequal": "^4.5.5",
				"@types/node": "^15.14.7",
				"chokidar-cli": "^2.1.0",
				"gts": "^3.1.0",
				"jest": "^27.0.4",
				"live-server": "^1.2.1",
				"lodash.isequal": "^4.5.0",
				"reflect-metadata": "^0.1.13",
				"sqlite3": "^5.0.2",
				"temp-write": "^4.0.0",
				"ts-jest": "^27.0.3",
				"ts-node": "^8.10.2",
				"typedoc": "^0.21.0",
				"typeorm": "^0.2.37",
				"typescript": "^4.3.4"
			}
		},
		"vscode-jsonrpc": {
			"version": "6.0.0",
			"resolved": "https://registry.npmjs.org/vscode-jsonrpc/-/vscode-jsonrpc-6.0.0.tgz",
			"integrity": "sha512-wnJA4BnEjOSyFMvjZdpiOwhSq9uDoK8e/kpRJDTaMYzwlkrhG1fwDIZI94CLsLzlCK5cIbMMtFlJlfR57Lavmg=="
		},
		"vscode-languageserver": {
			"version": "7.0.0",
			"resolved": "https://registry.npmjs.org/vscode-languageserver/-/vscode-languageserver-7.0.0.tgz",
			"integrity": "sha512-60HTx5ID+fLRcgdHfmz0LDZAXYEV68fzwG0JWwEPBode9NuMYTIxuYXPg4ngO8i8+Ou0lM7y6GzaYWbiDL0drw==",
			"requires": {
				"vscode-languageserver-protocol": "3.16.0"
			}
		},
		"vscode-languageserver-protocol": {
			"version": "3.16.0",
			"resolved": "https://registry.npmjs.org/vscode-languageserver-protocol/-/vscode-languageserver-protocol-3.16.0.tgz",
			"integrity": "sha512-sdeUoAawceQdgIfTI+sdcwkiK2KU+2cbEYA0agzM2uqaUy2UpnnGHtWTHVEtS0ES4zHU0eMFRGN+oQgDxlD66A==",
			"requires": {
				"vscode-jsonrpc": "6.0.0",
				"vscode-languageserver-types": "3.16.0"
			}
		},
		"vscode-languageserver-textdocument": {
			"version": "1.0.1",
			"resolved": "https://registry.npmjs.org/vscode-languageserver-textdocument/-/vscode-languageserver-textdocument-1.0.1.tgz",
			"integrity": "sha512-UIcJDjX7IFkck7cSkNNyzIz5FyvpQfY7sdzVy+wkKN/BLaD4DQ0ppXQrKePomCxTS7RrolK1I0pey0bG9eh8dA=="
		},
		"vscode-languageserver-types": {
			"version": "3.16.0",
			"resolved": "https://registry.npmjs.org/vscode-languageserver-types/-/vscode-languageserver-types-3.16.0.tgz",
			"integrity": "sha512-k8luDIWJWyenLc5ToFQQMaSrqCHiLwyKPHKPQZ5zz21vM+vIVUSvsRpcbiECH4WR88K2XZqc4ScRcZ7nk/jbeA=="
		}
	}
}
